# This file is automatically @generated by Poetry 2.3.4 and should not be changed by hand.

[[package]]
name = "click"
version = "8.1.8"
description = "Composable command line interface toolkit"
optional = false
python-versions = ">=3.7"
groups = ["main"]
files = [
    {file = "click-8.1.8-py3-none-any.whl", hash = "sha256:63c132bbbed01578a06712a2d1f497bb62d9c1c0d329b7903a866228027263b2"},
    {file = "click-8.1.8.tar.gz", hash = "sha256:ed53c9d8990d83c2a27deae68e4ee337473f6330c040a31d4225c9574d16096a"},
]

[package.dependencies]
colorama = {version = "*", markers = "platform_system == \"Windows\""}

[[package]]
name = "colorama"
version = "0.4.6"
description = "Cross-platform colored terminal text."
optional = false
python-versions = "!=3.0.*,!=3.1.*,!=3.2.*,!=3.3.*,!=3.4.*,!=3.5.*,!=3.6.*,>=2.7"
groups = ["main"]
markers = "platform_system == \"Windows\""
files = [
    {file = "colorama-0.4.6-py2.py3-none-any.whl", hash = "sha256:4f1d9991f5acc0ca119f9d443620b77f9d6b33703e51011c16baf57afb285fc6"},
    {file = "colorama-0.4.6.tar.gz", hash = "sha256:08695f5cb7ed6e0531a20572697297273c47b8cae5a63ffc6d6ed5c201be6e44"},
]

[[package]]
name = "kuzu"
version = "0.8.2"
description = "Highly scalable, extremely fast, easy-to-use embeddable graph database"
optional = false
python-versions = "*"
groups = ["main"]
files = [
    {file = "kuzu-0.8.2-cp310-cp310-macosx_11_0_arm64.whl", hash = "sha256:78bcdf6cc7b130bce8b307709e8d7bddd2e9104b2b696a9dc52574556e754570"},
    {file = "kuzu-0.8.2-cp310-cp310-macosx_11_0_x86_64.whl", hash = "sha256:b42e3e9b1eacf830700287b05e96f9455b89dd4140085053e6c86b32c61e8d5c"},
    {file = "kuzu-0.8.2-cp310-cp310-manylinux_2_27_aarch64.manylinux_2_28_aarch64.whl", hash = "sha256:cf06c602dc0231268d9cfa56a62afef15f8fca3be1ccd2cad22047a14bff4ae0"},
    {file = "kuzu-0.8.2-cp310-cp310-manylinux_2_27_x86_64.manylinux_2_28_x86_64.whl", hash = "sha256:50a873e7cd0c2e8e3093e9af14cffb14e49f1f67eceb32df3d0454ce101402d3"},
    {file = "kuzu-0.8.2-cp310-cp310-win_amd64.whl", hash = "sha256:4d36261444d31432606f3f3ed00624f1a3a8edcf7d830564c72b76ffbdf4d318"},
    {file = "kuzu-0.8.2-cp311-cp311-macosx_11_0_arm64.whl", hash = "sha256:6c1694c6d1b19c46ad5d416cac429ccf1fe91aca4d367664e3aa0afa59800f93"},
    {file = "kuzu-0.8.2-cp311-cp311-macosx_11_0_x86_64.whl", hash = "sha256:00156c64523a1377ffced998bdb031709336f90543da69544c0ab4b40d533692"},
    {file = "kuzu-0.8.2-cp311-cp311-manylinux_2_27_aarch64.manylinux_2_28_aarch64.whl", hash = "sha256:bc75f26afe8815b046cfb0d931303da6c36ce3afb49d4ae18a3899f23e62020f"},
    {file = "kuzu-0.8.2-cp311-cp311-manylinux_2_27_x86_64.manylinux_2_28_x86_64.whl", hash = "sha256:5f0de6910724a74cc492354e903cf76db78b6353eef1e2edfa0b79d600c3c572"},
    {file = "kuzu-0.8.2-cp311-cp311-win_amd64.whl", hash = "sha256:56e99c39a725943aa7ad96ada8f29706da3d53cc98385f2c663b8ea026f0dce3"},
    {file = "kuzu-0.8.2-cp312-cp312-macosx_11_0_arm64.whl", hash = "sha256:adcc250b34963a6eea62b59d47a091018d83e61fb2e95552795ab61f103052be"},
    {file = "kuzu-0.8.2-cp312-cp312-macosx_11_0_x86_64.whl", hash = "sha256:f72036924466143675980baed02a26c0fca15b6254c11de9a9c18d28fe66247e"},
    {file = "kuzu-0.8.2-cp312-cp312-manylinux_2_27_aarch64.manylinux_2_28_aarch64.whl", hash = "sha256:a2fd7895fdfd9df880091d32bfb79c148f849659c67e2b9e185f952a6bde9139"},
    {file = "kuzu-0.8.2-cp312-cp312-manylinux_2_27_x86_64.manylinux_2_28_x86_64.whl", hash = "sha256:68486e291aa8a61264be7e31233ec34eeb6da2402f4b980c3f2b67f9ccbbea3a"},
    {file = "kuzu-0.8.2-cp312-cp312-win_amd64.whl", hash = "sha256:7cce7d06e6f09cd488c62be7cafe78752b037ed9e6585ed3da9df029104b1987"},
    {file = "kuzu-0.8.2-cp313-cp313-macosx_11_0_arm64.whl", hash = "sha256:aa0495f856f2e5f5067e281dab3fbc170aba0721d1f56156a8cd9fa50e706f91"},
    {file = "kuzu-0.8.2-cp313-cp313-macosx_11_0_x86_64.whl", hash = "sha256:823577b472ba63c3b36e5ff81e2b744736f9eaf0b71585c247f3defc9d268f53"},
    {file = "kuzu-0.8.2-cp313-cp313-manylinux_2_27_aarch64.manylinux_2_28_aarch64.whl", hash = "sha256:bde76f38d293f49ad283a4831bd32d41f185b93a75d388d67f9b8996678203e9"},
    {file = "kuzu-0.8.2-cp313-cp313-manylinux_2_27_x86_64.manylinux_2_28_x86_64.whl", hash = "sha256:cdb189012613ecd26630096796e3817c260deea85782e764309cd36b2c39dac5"},
    {file = "kuzu-0.8.2-cp313-cp313-win_amd64.whl", hash = "sha256:71fb98721f9c46f960a5c3baea6b083026485c4b9a3e74ab01418243e29e3753"},
    {file = "kuzu-0.8.2-cp313-cp313t-manylinux_2_27_aarch64.manylinux_2_28_aarch64.whl", hash = "sha256:8e12726af2cb552ab7b60e2b4312469359bb3b4b45ddbcfb75220def4be6f566"},
    {file = "kuzu-0.8.2-cp313-cp313t-manylinux_2_27_x86_64.manylinux_2_28_x86_64.whl", hash = "sha256:055f2cd9741bf39161f9ccff80428f8fb80b1910b2450b05bbe848487ba694f5"},
    {file = "kuzu-0.8.2-cp37-cp37m-macosx_11_0_x86_64.whl", hash = "sha256:18cb3da3a650f8dfde3639fbd6319a5ad6f98f60689c5dd96d20d8d1fc184d4c"},
    {file = "kuzu-0.8.2-cp37-cp37m-manylinux_2_27_aarch64.manylinux_2_28_aarch64.whl", hash = "sha256:e55a8fddc21ac3e27b3cf2815d93264dd3c89e9ad8c7f3960d51bdfe48a02709"},
    {file = "kuzu-0.8.2-cp37-cp37m-manylinux_2_27_x86_64.manylinux_2_28_x86_64.whl", hash = "sha256:4d93600aceacdd7903aa39f016cb641811f96e4825b027a135aaaa1d82e23d24"},
    {file = "kuzu-0.8.2-cp37-cp37m-win_amd64.whl", hash = "sha256:68601d9e741c7815c3d3f46a9c6884853388bcc6920945f069d5dc4f9492c9c5"},
    {file = "kuzu-0.8.2-cp38-cp38-macosx_11_0_arm64.whl", hash = "sha256:32d7ff56d793df27f76129b8b15bd85c940e59bcb67acd189b6a5ed1af5e8b44"},
    {file = "kuzu-0.8.2-cp38-cp38-macosx_11_0_x86_64.whl", hash = "sha256:5e639f24be2fca78bf3890774f273aa1a6b149bfdbeb5c7e966e03b8f610be98"},
    {file = "kuzu-0.8.2-cp38-cp38-manylinux_2_27_aarch64.manylinux_2_28_aarch64.whl", hash = "sha256:1caf46e2721dabed94b65cdcf3990551af2f3913c3f2dcd39f3e5397f0134243"},
    {file = "kuzu-0.8.2-cp38-cp38-manylinux_2_27_x86_64.manylinux_2_28_x86_64.whl", hash = "sha256:a5333c9e4557ccbfef7b822793ec382848411c8d11fdee063064b41bd1828404"},
    {file = "kuzu-0.8.2-cp38-cp38-win_amd64.whl", hash = "sha256:765a8bd4c5b9d24583eb8aaa20ecd753d78220138a82bf643ec592ffb8128298"},
    {file = "kuzu-0.8.2-cp39-cp39-macosx_11_0_arm64.whl", hash = "sha256:3a215ff235d17a41c50d1cf2bd8e67a196eff32f23e59d989b1a40e6192f2008"},
    {file = "kuzu-0.8.2-cp39-cp39-macosx_11_0_x86_64.whl", hash = "sha256:074b5440186e4214b653d46f8d5a15d4b4cae1185d4656eaf598fe9b840fcdca"},
    {file = "kuzu-0.8.2-cp39-cp39-manylinux_2_27_aarch64.manylinux_2_28_aarch64.whl", hash = "sha256:32303a9533674a35e52d429f1446a82e2fc97c423618bc86aaafef1d4d2621e4"},
    {file = "kuzu-0.8.2-cp39-cp39-manylinux_2_27_x86_64.manylinux_2_28_x86_64.whl", hash = "sha256:0baea115bc55c8ed710f2beae8f02e46cf2bac42326b4e2c3acd25a76031f59d"},
    {file = "kuzu-0.8.2-cp39-cp39-win_amd64.whl", hash = "sha256:70e031131c5b8e327edd63993b05fb04196b74d0ade1baf0f4005968610310ed"},
    {file = "kuzu-0.8.2.tar.gz", hash = "sha256:68ad72b3ef6a32a41ecfa955fa4ca9ca0c8a36d3a1bc13e34cc70c971b2b8ca7"},
]

[[package]]
name = "markdown-it-py"
version = "4.0.0"
description = "Python port of markdown-it. Markdown parsing, done right!"
optional = false
python-versions = ">=3.10"
groups = ["main"]
files = [
    {file = "markdown_it_py-4.0.0-py3-none-any.whl", hash = "sha256:87327c59b172c5011896038353a81343b6754500a08cd7a4973bb48c6d578147"},
    {file = "markdown_it_py-4.0.0.tar.gz", hash = "sha256:cb0a2b4aa34f932c007117b194e945bd74e0ec24133ceb5bac59009cda1cb9f3"},
]

[package.dependencies]
mdurl = ">=0.1,<1.0"

[package.extras]
benchmarking = ["psutil", "pytest", "pytest-benchmark"]
compare = ["commonmark (>=0.9,<1.0)", "markdown (>=3.4,<4.0)", "markdown-it-pyrs", "mistletoe (>=1.0,<2.0)", "mistune (>=3.0,<4.0)", "panflute (>=2.3,<3.0)"]
linkify = ["linkify-it-py (>=1,<3)"]
plugins = ["mdit-py-plugins (>=0.5.0)"]
profiling = ["gprof2dot"]
rtd = ["ipykernel", "jupyter_sphinx", "mdit-py-plugins (>=0.5.0)", "myst-parser", "pyyaml", "sphinx", "sphinx-book-theme (>=1.0,<2.0)", "sphinx-copybutton", "sphinx-design"]
testing = ["coverage", "pytest", "pytest-cov", "pytest-regressions", "requests"]

[[package]]
name = "mdurl"
version = "0.1.2"
description = "Markdown URL utilities"
optional = false
python-versions = ">=3.7"
groups = ["main"]
files = [
    {file = "mdurl-0.1.2-py3-none-any.whl", hash = "sha256:84008a41e51615a49fc9966191ff91509e3c40b939176e643fd50a5c2196b8f8"},
    {file = "mdurl-0.1.2.tar.gz", hash = "sha256:bb413d29f5eea38f31dd4754dd7377d4465116fb207585f97bf925588687c1ba"},
]

[[package]]
name = "networkx"
version = "3.6"
description = "Python package for creating and manipulating graphs and networks"
optional = false
python-versions = ">=3.11"
groups = ["main"]
files = [
    {file = "networkx-3.6-py3-none-any.whl", hash = "sha256:cdb395b105806062473d3be36458d8f1459a4e4b98e236a66c3a48996e07684f"},
    {file = "networkx-3.6.tar.gz", hash = "sha256:285276002ad1f7f7da0f7b42f004bcba70d381e936559166363707fdad3d72ad"},
]

[package.extras]
benchmarking = ["asv", "virtualenv"]
default = ["matplotlib (>=3.8)", "numpy (>=1.25)", "pandas (>=2.0)", "scipy (>=1.11.2)"]
developer = ["mypy (>=1.15)", "pre-commit (>=4.1)"]
doc = ["intersphinx-registry", "myst-nb (>=1.1)", "numpydoc (>=1.8.0)", "pillow (>=10)", "pydata-sphinx-theme (>=0.16)", "sphinx (>=8.0)", "sphinx-gallery (>=0.18)", "texext (>=0.6.7)"]
example = ["cairocffi (>=1.7)", "contextily (>=1.6)", "igraph (>=0.11)", "iplotx (>=0.9.0)", "momepy (>=0.7.2)", "osmnx (>=2.0.0)", "scikit-learn (>=1.5)", "seaborn (>=0.13)"]
extra = ["lxml (>=4.6)", "pydot (>=3.0.1)", "pygraphviz (>=1.14)", "sympy (>=1.10)"]
release = ["build (>=0.10)", "changelist (==0.5)", "twine (>=4.0)", "wheel (>=0.40)"]
test = ["pytest (>=7.2)", "pytest-cov (>=4.0)", "pytest-xdist (>=3.0)"]
test-extras = ["pytest-mpl", "pytest-randomly"]

[[package]]
name = "pathspec"
version = "0.12.1"
description = "Utility library for gitignore style pattern matching of file paths."
optional = false
python-versions = ">=3.8"
groups = ["main"]
files = [
    {file = "pathspec-0.12.1-py3-none-any.whl", hash = "sha256:a0d503e138a4c123b27490a4f7beda6a01c6f288df0e4a8b79c7eb0dc7b4cc08"},
    {file = "pathspec-0.12.1.tar.gz", hash = "sha256:a482d51503a1ab33b1c67a6c3813a26953dbdc71c31dacaef9a838c4e29f5712"},
]

[[package]]
name = "pygments"
version = "2.20.0"
description = "Pygments is a syntax highlighting package written in Python."
optional = false
python-versions = ">=3.9"
groups = ["main"]
files = [
    {file = "pygments-2.20.0-py3-none-any.whl", hash = "sha256:81a9e26dd42fd28a23a2d169d86d7ac03b46e2f8b59ed4698fb4785f946d0176"},
    {file = "pygments-2.20.0.tar.gz", hash = "sha256:6757cd03768053ff99f3039c1a36d6c0aa0b263438fcab17520b30a303a82b5f"},
]

[package.extras]
windows-terminal = ["colorama (>=0.4.6)"]

[[package]]
name = "rich"
version = "13.9.4"
description = "Render rich text, tables, progress bars, syntax highlighting, markdown and more to the terminal"
optional = false
python-versions = ">=3.8.0"
groups = ["main"]
files = [
    {file = "rich-13.9.4-py3-none-any.whl", hash = "sha256:6049d5e6ec054bf2779ab3358186963bac2ea89175919d699e378b99738c2a90"},
    {file = "rich-13.9.4.tar.gz", hash = "sha256:439594978a49a09530cff7ebc4b5c7103ef57baf48d5ea3184f21d9a2befa098"},
]

[package.dependencies]
markdown-it-py = ">=2.2.0"
pygments = ">=2.13.0,<3.0.0"

[package.extras]
jupyter = ["ipywidgets (>=7.5.1,<9)"]

[[package]]
name = "shellingham"
version = "1.5.4"
description = "Tool to Detect Surrounding Shell"
optional = false
python-versions = ">=3.7"
groups = ["main"]
files = [
    {file = "shellingham-1.5.4-py2.py3-none-any.whl", hash = "sha256:7ecfff8f2fd72616f7481040475a65b2bf8af90a56c89140852d1120324e8686"},
    {file = "shellingham-1.5.4.tar.gz", hash = "sha256:8dbca0739d487e5bd35ab3ca4b36e11c4078f3a234bfce294b0a0291363404de"},
]

[[package]]
name = "tree-sitter"
version = "0.25.2"
description = "Python bindings to the Tree-sitter parsing library"
optional = false
python-versions = ">=3.10"
groups = ["main"]
files = [
    {file = "tree-sitter-0.25.2.tar.gz", hash = "sha256:fe43c158555da46723b28b52e058ad444195afd1db3ca7720c59a254544e9c20"},
    {file = "tree_sitter-0.25.2-cp310-cp310-macosx_10_9_x86_64.whl", hash = "sha256:72a510931c3c25f134aac2daf4eb4feca99ffe37a35896d7150e50ac3eee06c7"},
    {file = "tree_sitter-0.25.2-cp310-cp310-macosx_11_0_arm64.whl", hash = "sha256:44488e0e78146f87baaa009736886516779253d6d6bac3ef636ede72bc6a8234"},
    {file = "tree_sitter-0.25.2-cp310-cp310-manylinux2014_aarch64.manylinux_2_17_aarch64.manylinux_2_28_aarch64.whl", hash = "sha256:c2f8e7d6b2f8489d4a9885e3adcaef4bc5ff0a275acd990f120e29c4ab3395c5"},
    {file = "tree_sitter-0.25.2-cp310-cp310-manylinux2014_x86_64.manylinux_2_17_x86_64.manylinux_2_28_x86_64.whl", hash = "sha256:20b570690f87f1da424cd690e51cc56728d21d63f4abd4b326d382a30353acc7"},
    {file = "tree_sitter-0.25.2-cp310-cp310-musllinux_1_2_x86_64.whl", hash = "sha256:a0ec41b895da717bc218a42a3a7a0bfcfe9a213d7afaa4255353901e0e21f696"},
    {file = "tree_sitter-0.25.2-cp310-cp310-win_amd64.whl", hash = "sha256:7712335855b2307a21ae86efe949c76be36c6068d76df34faa27ce9ee40ff444"},
    {file = "tree_sitter-0.25.2-cp310-cp310-win_arm64.whl", hash = "sha256:a925364eb7fbb9cdce55a9868f7525a1905af512a559303bd54ef468fd88cb37"},
    {file = "tree_sitter-0.25.2-cp311-cp311-macosx_10_9_x86_64.whl", hash = "sha256:b8ca72d841215b6573ed0655b3a5cd1133f9b69a6fa561aecad40dca9029d75b"},
    {file = "tree_sitter-0.25.2-cp311-cp311-macosx_11_0_arm64.whl", hash = "sha256:cc0351cfe5022cec5a77645f647f92a936b38850346ed3f6d6babfbeeeca4d26"},
    {file = "tree_sitter-0.25.2-cp311-cp311-manylinux2014_aarch64.manylinux_2_17_aarch64.manylinux_2_28_aarch64.whl", hash = "sha256:1799609636c0193e16c38f366bda5af15b1ce476df79ddaae7dd274df9e44266"},
    {file = "tree_sitter-0.25.2-cp311-cp311-manylinux2014_x86_64.manylinux_2_17_x86_64.manylinux_2_28_x86_64.whl", hash = "sha256:3e65ae456ad0d210ee71a89ee112ac7e72e6c2e5aac1b95846ecc7afa68a194c"},
    {file = "tree_sitter-0.25.2-cp311-cp311-musllinux_1_2_x86_64.whl", hash = "sha256:49ee3c348caa459244ec437ccc7ff3831f35977d143f65311572b8ba0a5f265f"},
    {file = "tree_sitter-0.25.2-cp311-cp311-win_amd64.whl", hash = "sha256:56ac6602c7d09c2c507c55e58dc7026b8988e0475bd0002f8a386cce5e8e8adc"},
    {file = "tree_sitter-0.25.2-cp311-cp311-win_arm64.whl", hash = "sha256:b3d11a3a3ac89bb8a2543d75597f905a9926f9c806f40fcca8242922d1cc6ad5"},
    {file = "tree_sitter-0.25.2-cp312-cp312-macosx_10_13_x86_64.whl", hash = "sha256:ddabfff809ffc983fc9963455ba1cecc90295803e06e140a4c83e94c1fa3d960"},
    {file = "tree_sitter-0.25.2-cp312-cp312-macosx_11_0_arm64.whl", hash = "sha256:c0c0ab5f94938a23fe81928a21cc0fac44143133ccc4eb7eeb1b92f84748331c"},
    {file = "tree_sitter-0.25.2-cp312-cp312-manylinux2014_aarch64.manylinux_2_17_aarch64.manylinux_2_28_aarch64.whl", hash = "sha256:dd12d80d91d4114ca097626eb82714618dcdfacd6a5e0955216c6485c350ef99"},
    {file = "tree_sitter-0.25.2-cp312-cp312-manylinux2014_x86_64.manylinux_2_17_x86_64.manylinux_2_28_x86_64.whl", hash = "sha256:b43a9e4c89d4d0839de27cd4d6902d33396de700e9ff4c5ab7631f277a85ead9"},
    {file = "tree_sitter-0.25.2-cp312-cp312-musllinux_1_2_x86_64.whl", hash = "sha256:fbb1706407c0e451c4f8cc016fec27d72d4b211fdd3173320b1ada7a6c74c3ac"},
    {file = "tree_sitter-0.25.2-cp312-cp312-win_amd64.whl", hash = "sha256:6d0302550bbe4620a5dc7649517c4409d74ef18558276ce758419cf09e578897"},
    {file = "tree_sitter-0.25.2-cp312-cp312-win_arm64.whl", hash = "sha256:0c8b6682cac77e37cfe5cf7ec388844957f48b7bd8d6321d0ca2d852994e10d5"},
    {file = "tree_sitter-0.25.2-cp313-cp313-macosx_10_13_x86_64.whl", hash = "sha256:0628671f0de69bb279558ef6b640bcfc97864fe0026d840f872728a86cd6b6cd"},
    {file = "tree_sitter-0.25.2-cp313-cp313-macosx_11_0_arm64.whl", hash = "sha256:f5ddcd3e291a749b62521f71fc953f66f5fd9743973fd6dd962b092773569601"},
    {file = "tree_sitter-0.25.2-cp313-cp313-manylinux2014_aarch64.manylinux_2_17_aarch64.manylinux_2_28_aarch64.whl", hash = "sha256:bd88fbb0f6c3a0f28f0a68d72df88e9755cf5215bae146f5a1bdc8362b772053"},
    {file = "tree_sitter-0.25.2-cp313-cp313-manylinux2014_x86_64.manylinux_2_17_x86_64.manylinux_2_28_x86_64.whl", hash = "sha256:b878e296e63661c8e124177cc3084b041ba3f5936b43076d57c487822426f614"},
    {file = "tree_sitter-0.25.2-cp313-cp313-musllinux_1_2_x86_64.whl", hash = "sha256:d77605e0d353ba3fe5627e5490f0fbfe44141bafa4478d88ef7954a61a848dae"},
    {file = "tree_sitter-0.25.2-cp313-cp313-win_amd64.whl", hash = "sha256:463c032bd02052d934daa5f45d183e0521ceb783c2548501cf034b0beba92c9b"},
    {file = "tree_sitter-0.25.2-cp313-cp313-win_arm64.whl", hash = "sha256:b3f63a1796886249bd22c559a5944d64d05d43f2be72961624278eff0dcc5cb8"},
    {file = "tree_sitter-0.25.2-cp314-cp314-macosx_10_13_x86_64.whl", hash = "sha256:65d3c931013ea798b502782acab986bbf47ba2c452610ab0776cf4a8ef150fc0"},
    {file = "tree_sitter-0.25.2-cp314-cp314-macosx_11_0_arm64.whl", hash = "sha256:bda059af9d621918efb813b22fb06b3fe00c3e94079c6143fcb2c565eb44cb87"},
    {file = "tree_sitter-0.25.2-cp314-cp314-manylinux2014_aarch64.manylinux_2_17_aarch64.manylinux_2_28_aarch64.whl", hash = "sha256:eac4e8e4c7060c75f395feec46421eb61212cb73998dbe004b7384724f3682ab"},
    {file = "tree_sitter-0.25.2-cp314-cp314-manylinux2014_x86_64.manylinux_2_17_x86_64.manylinux_2_28_x86_64.whl", hash = "sha256:260586381b23be33b6191a07cea3d44ecbd6c01aa4c6b027a0439145fcbc3358"},
    {file = "tree_sitter-0.25.2-cp314-cp314-musllinux_1_2_x86_64.whl", hash = "sha256:7d2ee1acbacebe50ba0f85fff1bc05e65d877958f00880f49f9b2af38dce1af0"},
    {file = "tree_sitter-0.25.2-cp314-cp314-win_amd64.whl", hash = "sha256:4973b718fcadfb04e59e746abfbb0288694159c6aeecd2add59320c03368c721"},
    {file = "tree_sitter-0.25.2-cp314-cp314-win_arm64.whl", hash = "sha256:b8d4429954a3beb3e844e2872610d2a4800ba4eb42bb1990c6a4b1949b18459f"},
]

[package.extras]
docs = ["sphinx (>=8.1,<9.0)", "sphinx-book-theme"]
tests = ["tree-sitter-html (>=0.23.2)", "tree-sitter-javascript (>=0.23.1)", "tree-sitter-json (>=0.24.8)", "tree-sitter-python (>=0.23.6)", "tree-sitter-rust (>=0.23.2)"]

[[package]]
name = "tree-sitter-javascript"
version = "0.25.0"
description = "JavaScript grammar for tree-sitter"
optional = false
python-versions = ">=3.10"
groups = ["main"]
files = [
    {file = "tree_sitter_javascript-0.25.0-cp310-abi3-macosx_10_9_x86_64.whl", hash = "sha256:b70f887fb269d6e58c349d683f59fa647140c410cfe2bee44a883b20ec92e3dc"},
    {file = "tree_sitter_javascript-0.25.0-cp310-abi3-macosx_11_0_arm64.whl", hash = "sha256:8264a996b8845cfce06965152a013b5d9cbb7d199bc3503e12b5682e62bb1de1"},
    {file = "tree_sitter_javascript-0.25.0-cp310-abi3-manylinux1_x86_64.manylinux_2_28_x86_64.manylinux_2_5_x86_64.whl", hash = "sha256:9dc04ba91fc8583344e57c1f1ed5b2c97ecaaf47480011b92fbeab8dda96db75"},
    {file = "tree_sitter_javascript-0.25.0-cp310-abi3-manylinux2014_aarch64.manylinux_2_17_aarch64.manylinux_2_28_aarch64.whl", hash = "sha256:199d09985190852e0912da2b8d26c932159be314bc04952cf917ed0e4c633e6b"},
    {file = "tree_sitter_javascript-0.25.0-cp310-abi3-musllinux_1_2_aarch64.whl", hash = "sha256:dfcf789064c58dc13c0a4edb550acacfc6f0f280577f1e7a00de3e89fc7f8ddc"},
    {file = "tree_sitter_javascript-0.25.0-cp310-abi3-musllinux_1_2_x86_64.whl", hash = "sha256:1b852d3aee8a36186dbcc32c798b11b4869f9b5041743b63b65c2ef793db7a54"},
    {file = "tree_sitter_javascript-0.25.0-cp310-abi3-win_amd64.whl", hash = "sha256:e5ed840f5bd4a3f0272e441d19429b26eedc257abe5574c8546da6b556865e3c"},
    {file = "tree_sitter_javascript-0.25.0-cp310-abi3-win_arm64.whl", hash = "sha256:622a69d677aa7f6ee2931d8c77c981a33f0ebb6d275aa9d43d3397c879a9bb0b"},
    {file = "tree_sitter_javascript-0.25.0.tar.gz", hash = "sha256:329b5414874f0588a98f1c291f1b28138286617aa907746ffe55adfdcf963f38"},
]

[package.extras]
core = ["tree-sitter (>=0.24,<1.0)"]

[[package]]
name = "tree-sitter-python"
version = "0.25.0"
description = "Python grammar for tree-sitter"
optional = false
python-versions = ">=3.10"
groups = ["main"]
files = [
    {file = "tree_sitter_python-0.25.0-cp310-abi3-macosx_10_9_x86_64.whl", hash = "sha256:14a79a47ddef72f987d5a2c122d148a812169d7484ff5c75a3db9609d419f361"},
    {file = "tree_sitter_python-0.25.0-cp310-abi3-macosx_11_0_arm64.whl", hash = "sha256:480c21dbd995b7fe44813e741d71fed10ba695e7caab627fb034e3828469d762"},
    {file = "tree_sitter_python-0.25.0-cp310-abi3-manylinux1_x86_64.manylinux_2_28_x86_64.manylinux_2_5_x86_64.whl", hash = "sha256:86f118e5eecad616ecdb81d171a36dde9bef5a0b21ed71ea9c3e390813c3baf5"},
    {file = "tree_sitter_python-0.25.0-cp310-abi3-manylinux2014_aarch64.manylinux_2_17_aarch64.manylinux_2_28_aarch64.whl", hash = "sha256:be71650ca2b93b6e9649e5d65c6811aad87a7614c8c1003246b303f6b150f61b"},
    {file = "tree_sitter_python-0.25.0-cp310-abi3-musllinux_1_2_aarch64.whl", hash = "sha256:e6d5b5799628cc0f24691ab2a172a8e676f668fe90dc60468bee14084a35c16d"},
    {file = "tree_sitter_python-0.25.0-cp310-abi3-musllinux_1_2_x86_64.whl", hash = "sha256:71959832fc5d9642e52c11f2f7d79ae520b461e63334927e93ca46cd61cd9683"},
    {file = "tree_sitter_python-0.25.0-cp310-abi3-win_amd64.whl", hash = "sha256:9bcde33f18792de54ee579b00e1b4fe186b7926825444766f849bf7181793a76"},
    {file = "tree_sitter_python-0.25.0-cp310-abi3-win_arm64.whl", hash = "sha256:0fbf6a3774ad7e89ee891851204c2e2c47e12b63a5edbe2e9156997731c128bb"},
    {file = "tree_sitter_python-0.25.0.tar.gz", hash = "sha256:b13e090f725f5b9c86aa455a268553c65cadf325471ad5b65cd29cac8a1a68ac"},
]

[package.extras]
core = ["tree-sitter (>=0.24,<1.0)"]

[[package]]
name = "tree-sitter-typescript"
version = "0.23.2"
description = "TypeScript and TSX grammars for tree-sitter"
optional = false
python-versions = ">=3.9"
groups = ["main"]
files = [
    {file = "tree_sitter_typescript-0.23.2-cp39-abi3-macosx_10_9_x86_64.whl", hash = "sha256:3cd752d70d8e5371fdac6a9a4df9d8924b63b6998d268586f7d374c9fba2a478"},
    {file = "tree_sitter_typescript-0.23.2-cp39-abi3-macosx_11_0_arm64.whl", hash = "sha256:c7cc1b0ff5d91bac863b0e38b1578d5505e718156c9db577c8baea2557f66de8"},
    {file = "tree_sitter_typescript-0.23.2-cp39-abi3-manylinux_2_17_aarch64.manylinux2014_aarch64.whl", hash = "sha256:4b1eed5b0b3a8134e86126b00b743d667ec27c63fc9de1b7bb23168803879e31"},
    {file = "tree_sitter_typescript-0.23.2-cp39-abi3-manylinux_2_5_x86_64.manylinux1_x86_64.manylinux_2_17_x86_64.manylinux2014_x86_64.whl", hash = "sha256:e96d36b85bcacdeb8ff5c2618d75593ef12ebaf1b4eace3477e2bdb2abb1752c"},
    {file = "tree_sitter_typescript-0.23.2-cp39-abi3-musllinux_1_2_x86_64.whl", hash = "sha256:8d4f0f9bcb61ad7b7509d49a1565ff2cc363863644a234e1e0fe10960e55aea0"},
    {file = "tree_sitter_typescript-0.23.2-cp39-abi3-win_amd64.whl", hash = "sha256:3f730b66396bc3e11811e4465c41ee45d9e9edd6de355a58bbbc49fa770da8f9"},
    {file = "tree_sitter_typescript-0.23.2-cp39-abi3-win_arm64.whl", hash = "sha256:05db58f70b95ef0ea126db5560f3775692f609589ed6f8dd0af84b7f19f1cbb7"},
    {file = "tree_sitter_typescript-0.23.2.tar.gz", hash = "sha256:7b167b5827c882261cb7a50dfa0fb567975f9b315e87ed87ad0a0a3aedb3834d"},
]

[package.extras]
core = ["tree-sitter (>=0.23,<1.0)"]

[[package]]
name = "typer"
version = "0.15.4"
description = "Typer, build great CLIs. Easy to code. Based on Python type hints."
optional = false
python-versions = ">=3.7"
groups = ["main"]
files = [
    {file = "typer-0.15.4-py3-none-any.whl", hash = "sha256:eb0651654dcdea706780c466cf06d8f174405a659ffff8f163cfbfee98c0e173"},
    {file = "typer-0.15.4.tar.gz", hash = "sha256:89507b104f9b6a0730354f27c39fae5b63ccd0c95b1ce1f1a6ba0cfd329997c3"},
]

[package.dependencies]
click = ">=8.0.0,<8.2"
rich = ">=10.11.0"
shellingham = ">=1.3.0"
typing-extensions = ">=3.7.4.3"

[[package]]
name = "typing-extensions"
version = "4.15.0"
description = "Backported and Experimental Type Hints for Python 3.9+"
optional = false
python-versions = ">=3.9"
groups = ["main"]
files = [
    {file = "typing_extensions-4.15.0-py3-none-any.whl", hash = "sha256:f0fa19c6845758ab08074a0cfa8b7aecb71c999ca73d62883bc25cc018c4e548"},
    {file = "typing_extensions-4.15.0.tar.gz", hash = "sha256:0cea48d173cc12fa28ecabc3b837ea3cf6f38c6d1136f85cbaaf598984861466"},
]

[metadata]
lock-version = "2.1"
python-versions = "^3.11"
content-hash = "474829667242c405b0bc23f864de50513860f3084f23175f6e826eba851ffbd8"
